
Microsoft Visual Studio Solution File, Format Version 12.00
# Visual Studio Version 17
VisualStudioVersion = 17.3.32825.248
MinimumVisualStudioVersion = 10.0.40219.1
Project("{9A19103F-16F7-4668-BE54-9A1E7A4F7556}") = "Entities", "Entities\Entities.csproj", "{C2A367F9-2544-44BD-9F71-0FD4D57323CB}"
EndProject
Project("{9A19103F-16F7-4668-BE54-9A1E7A4F7556}") = "DataAccess", "DataAccess\DataAccess.csproj", "{175EB8C4-40FE-4570-AF67-8DC160118AD2}"
EndProject
Project("{9A19103F-16F7-4668-BE54-9A1E7A4F7556}") = "Core", "Core\Core.csproj", "{4E9F7B9B-C2CC-4BAA-A543-F84FCAEA6643}"
EndProject
Project("{9A19103F-16F7-4668-BE54-9A1E7A4F7556}") = "Business", "Business\Business.csproj", "{8479E2E5-A499-436C-A37F-08D23B003044}"
EndProject
Project("{FAE04EC0-301F-11D3-BF4B-00C04F79EFBC}") = "WebApplication1", "WebApplication1\WebApplication1.csproj", "{314A3C12-3E29-4920-BDE3-452D72554EEB}"
EndProject
Global
	GlobalSection(SolutionConfigurationPlatforms) = preSolution
		Debug|Any CPU = Debug|Any CPU
		Release|Any CPU = Release|Any CPU
	EndGlobalSection
	GlobalSection(ProjectConfigurationPlatforms) = postSolution
		{C2A367F9-2544-44BD-9F71-0FD4D57323CB}.Debug|Any CPU.ActiveCfg = Debug|Any CPU
		{C2A367F9-2544-44BD-9F71-0FD4D57323CB}.Debug|Any CPU.Build.0 = Debug|Any CPU
		{C2A367F9-2544-44BD-9F71-0FD4D57323CB}.Release|Any CPU.ActiveCfg = Release|Any CPU
		{C2A367F9-2544-44BD-9F71-0FD4D57323CB}.Release|Any CPU.Build.0 = Release|Any CPU
		{175EB8C4-40FE-4570-AF67-8DC160118AD2}.Debug|Any CPU.ActiveCfg = Debug|Any CPU
		{175EB8C4-40FE-4570-AF67-8DC160118AD2}.Debug|Any CPU.Build.0 = Debug|Any CPU
		{175EB8C4-40FE-4570-AF67-8DC160118AD2}.Release|Any CPU.ActiveCfg = Release|Any CPU
		{175EB8C4-40FE-4570-AF67-8DC160118AD2}.Release|Any CPU.Build.0 = Release|Any CPU
		{4E9F7B9B-C2CC-4BAA-A543-F84FCAEA6643}.Debug|Any CPU.ActiveCfg = Debug|Any CPU
		{4E9F7B9B-C2CC-4BAA-A543-F84FCAEA6643}.Debug|Any CPU.Build.0 = Debug|Any CPU
		{4E9F7B9B-C2CC-4BAA-A543-F84FCAEA6643}.Release|Any CPU.ActiveCfg = Release|Any CPU
		{4E9F7B9B-C2CC-4BAA-A543-F84FCAEA6643}.Release|Any CPU.Build.0 = Release|Any CPU
		{8479E2E5-A499-436C-A37F-08D23B003044}.Debug|Any CPU.ActiveCfg = Debug|Any CPU
		{8479E2E5-A499-436C-A37F-08D23B003044}.Debug|Any CPU.Build.0 = Debug|Any CPU
		{8479E2E5-A499-436C-A37F-08D23B003044}.Release|Any CPU.ActiveCfg = Release|Any CPU
		{8479E2E5-A499-436C-A37F-08D23B003044}.Release|Any CPU.Build.0 = Release|Any CPU
		{314A3C12-3E29-4920-BDE3-452D72554EEB}.Debug|Any CPU.ActiveCfg = Debug|Any CPU
		{314A3C12-3E29-4920-BDE3-452D72554EEB}.Debug|Any CPU.Build.0 = Debug|Any CPU
		{314A3C12-3E29-4920-BDE3-452D72554EEB}.Release|Any CPU.ActiveCfg = Release|Any CPU
		{314A3C12-3E29-4920-BDE3-452D72554EEB}.Release|Any CPU.Build.0 = Release|Any CPU
	EndGlobalSection
	GlobalSection(SolutionProperties) = preSolution
		HideSolutionNode = FALSE
	EndGlobalSection
	GlobalSection(ExtensibilityGlobals) = postSolution
		SolutionGuid = {5AD7E759-B817-4B94-B400-866F5E3D1D14}
	EndGlobalSection
EndGlobal
